
Microsoft Visual Studio Solution File, Format Version 12.00
# Visual Studio Version 16
VisualStudioVersion = 16.0.32106.194
MinimumVisualStudioVersion = 10.0.40219.1
Project("{FAE04EC0-301F-11D3-BF4B-00C04F79EFBC}") = "WindowsFormsApp1", "WindowsFormsApp1.csproj", "{BD795086-19BD-4ED9-B543-4893A2CA5002}"
EndProject
Global
	GlobalSection(SolutionConfigurationPlatforms) = preSolution
		Debug|Any CPU = Debug|Any CPU
		Release|Any CPU = Release|Any CPU
	EndGlobalSection
	GlobalSection(ProjectConfigurationPlatforms) = postSolution
		{BD795086-19BD-4ED9-B543-4893A2CA5002}.Debug|Any CPU.ActiveCfg = Debug|Any CPU
		{BD795086-19BD-4ED9-B543-4893A2CA5002}.Debug|Any CPU.Build.0 = Debug|Any CPU
		{BD795086-19BD-4ED9-B543-4893A2CA5002}.Release|Any CPU.ActiveCfg = Release|Any CPU
		{BD795086-19BD-4ED9-B543-4893A2CA5002}.Release|Any CPU.Build.0 = Release|Any CPU
	EndGlobalSection
	GlobalSection(SolutionProperties) = preSolution
		HideSolutionNode = FALSE
	EndGlobalSection
	GlobalSection(ExtensibilityGlobals) = postSolution
		SolutionGuid = {9FF25052-1FA9-424B-8C6F-AEA526BF1758}
	EndGlobalSection
EndGlobal
